
Microsoft Visual Studio Solution File, Format Version 12.00
# Visual Studio Version 17
VisualStudioVersion = 17.12.35707.178
MinimumVisualStudioVersion = 10.0.40219.1
Project("{2150E333-8FDC-42A3-9474-1A3956D46DE8}") = "Bootstraper", "Bootstraper", "{0D789D63-C3F8-449F-B929-C28208C93731}"
EndProject
Project("{2150E333-8FDC-42A3-9474-1A3956D46DE8}") = "Modules", "Modules", "{4871A041-DED2-42A6-9F1D-EAF7D5F70A85}"
EndProject
Project("{2150E333-8FDC-42A3-9474-1A3956D46DE8}") = "Shared", "Shared", "{890BFDBE-2C99-489A-9E2A-AF014CA7430F}"
EndProject
Project("{FAE04EC0-301F-11D3-BF4B-00C04F79EFBC}") = "Api", "Bootstraper\Api\Api.csproj", "{5AC07C9E-EB80-4F57-8B5A-7CB9DCC887A5}"
EndProject
Project("{2150E333-8FDC-42A3-9474-1A3956D46DE8}") = "Basket", "Basket", "{285809F1-5DFB-4CD2-99ED-41E5843489FE}"
EndProject
Project("{2150E333-8FDC-42A3-9474-1A3956D46DE8}") = "Catalog", "Catalog", "{7C077C58-22DE-4269-B865-9D28FB94F9C9}"
EndProject
Project("{2150E333-8FDC-42A3-9474-1A3956D46DE8}") = "Ordering", "Ordering", "{58E6D2F1-379F-4045-931D-011102DC91D0}"
EndProject
Project("{FAE04EC0-301F-11D3-BF4B-00C04F79EFBC}") = "Basket", "Modules\Basket\Basket\Basket.csproj", "{6EC89E3F-9375-470F-9647-BB18F415A7C3}"
EndProject
Project("{FAE04EC0-301F-11D3-BF4B-00C04F79EFBC}") = "Catalog", "Modules\Catalog\Catalog\Catalog.csproj", "{F4A38C82-C05F-4573-8D1E-04A3FC0E73CD}"
EndProject
Project("{FAE04EC0-301F-11D3-BF4B-00C04F79EFBC}") = "Ordering", "Modules\Ordering\Ordering\Ordering.csproj", "{8D4091E2-7CE1-44A2-959D-5EA1138D429F}"
EndProject
Project("{FAE04EC0-301F-11D3-BF4B-00C04F79EFBC}") = "Shared", "Shared\Shared\Shared.csproj", "{7A74E282-DE46-427D-B222-24B7722A626F}"
EndProject
Global
	GlobalSection(SolutionConfigurationPlatforms) = preSolution
		Debug|Any CPU = Debug|Any CPU
		Release|Any CPU = Release|Any CPU
	EndGlobalSection
	GlobalSection(ProjectConfigurationPlatforms) = postSolution
		{5AC07C9E-EB80-4F57-8B5A-7CB9DCC887A5}.Debug|Any CPU.ActiveCfg = Debug|Any CPU
		{5AC07C9E-EB80-4F57-8B5A-7CB9DCC887A5}.Debug|Any CPU.Build.0 = Debug|Any CPU
		{5AC07C9E-EB80-4F57-8B5A-7CB9DCC887A5}.Release|Any CPU.ActiveCfg = Release|Any CPU
		{5AC07C9E-EB80-4F57-8B5A-7CB9DCC887A5}.Release|Any CPU.Build.0 = Release|Any CPU
		{6EC89E3F-9375-470F-9647-BB18F415A7C3}.Debug|Any CPU.ActiveCfg = Debug|Any CPU
		{6EC89E3F-9375-470F-9647-BB18F415A7C3}.Debug|Any CPU.Build.0 = Debug|Any CPU
		{6EC89E3F-9375-470F-9647-BB18F415A7C3}.Release|Any CPU.ActiveCfg = Release|Any CPU
		{6EC89E3F-9375-470F-9647-BB18F415A7C3}.Release|Any CPU.Build.0 = Release|Any CPU
		{F4A38C82-C05F-4573-8D1E-04A3FC0E73CD}.Debug|Any CPU.ActiveCfg = Debug|Any CPU
		{F4A38C82-C05F-4573-8D1E-04A3FC0E73CD}.Debug|Any CPU.Build.0 = Debug|Any CPU
		{F4A38C82-C05F-4573-8D1E-04A3FC0E73CD}.Release|Any CPU.ActiveCfg = Release|Any CPU
		{F4A38C82-C05F-4573-8D1E-04A3FC0E73CD}.Release|Any CPU.Build.0 = Release|Any CPU
		{8D4091E2-7CE1-44A2-959D-5EA1138D429F}.Debug|Any CPU.ActiveCfg = Debug|Any CPU
		{8D4091E2-7CE1-44A2-959D-5EA1138D429F}.Debug|Any CPU.Build.0 = Debug|Any CPU
		{8D4091E2-7CE1-44A2-959D-5EA1138D429F}.Release|Any CPU.ActiveCfg = Release|Any CPU
		{8D4091E2-7CE1-44A2-959D-5EA1138D429F}.Release|Any CPU.Build.0 = Release|Any CPU
		{7A74E282-DE46-427D-B222-24B7722A626F}.Debug|Any CPU.ActiveCfg = Debug|Any CPU
		{7A74E282-DE46-427D-B222-24B7722A626F}.Debug|Any CPU.Build.0 = Debug|Any CPU
		{7A74E282-DE46-427D-B222-24B7722A626F}.Release|Any CPU.ActiveCfg = Release|Any CPU
		{7A74E282-DE46-427D-B222-24B7722A626F}.Release|Any CPU.Build.0 = Release|Any CPU
	EndGlobalSection
	GlobalSection(SolutionProperties) = preSolution
		HideSolutionNode = FALSE
	EndGlobalSection
	GlobalSection(NestedProjects) = preSolution
		{5AC07C9E-EB80-4F57-8B5A-7CB9DCC887A5} = {0D789D63-C3F8-449F-B929-C28208C93731}
		{285809F1-5DFB-4CD2-99ED-41E5843489FE} = {4871A041-DED2-42A6-9F1D-EAF7D5F70A85}
		{7C077C58-22DE-4269-B865-9D28FB94F9C9} = {4871A041-DED2-42A6-9F1D-EAF7D5F70A85}
		{58E6D2F1-379F-4045-931D-011102DC91D0} = {4871A041-DED2-42A6-9F1D-EAF7D5F70A85}
		{6EC89E3F-9375-470F-9647-BB18F415A7C3} = {285809F1-5DFB-4CD2-99ED-41E5843489FE}
		{F4A38C82-C05F-4573-8D1E-04A3FC0E73CD} = {7C077C58-22DE-4269-B865-9D28FB94F9C9}
		{8D4091E2-7CE1-44A2-959D-5EA1138D429F} = {58E6D2F1-379F-4045-931D-011102DC91D0}
		{7A74E282-DE46-427D-B222-24B7722A626F} = {890BFDBE-2C99-489A-9E2A-AF014CA7430F}
	EndGlobalSection
EndGlobal
